// !$*UTF8*$!
{
	archiveVersion = 1;
	classes = {
	};
	objectVersion = 46;
	objects = {

/* Begin PBXBuildFile section */
		84ECCEE71F4DC76300339CE3 /* AppDelegate.swift in Sources */ = {isa = PBXBuildFile; fileRef = 84ECCEE61F4DC76300339CE3 /* AppDelegate.swift */; };
		84ECCEE91F4DC76300339CE3 /* ViewController.swift in Sources */ = {isa = PBXBuildFile; fileRef = 84ECCEE81F4DC76300339CE3 /* ViewController.swift */; };
		84ECCEEC1F4DC76300339CE3 /* Main.storyboard in Resources */ = {isa = PBXBuildFile; fileRef = 84ECCEEA1F4DC76300339CE3 /* Main.storyboard */; };
		84ECCEEF1F4DC76300339CE3 /* StudentManagement.xcdatamodeld in Sources */ = {isa = PBXBuildFile; fileRef = 84ECCEED1F4DC76300339CE3 /* StudentManagement.xcdatamodeld */; };
		84ECCEF11F4DC76300339CE3 /* Assets.xcassets in Resources */ = {isa = PBXBuildFile; fileRef = 84ECCEF01F4DC76300339CE3 /* Assets.xcassets */; };
		84ECCEF41F4DC76300339CE3 /* LaunchScreen.storyboard in Resources */ = {isa = PBXBuildFile; fileRef = 84ECCEF21F4DC76300339CE3 /* LaunchScreen.storyboard */; };
		84ECCEFF1F4DC76300339CE3 /* StudentManagementTests.swift in Sources */ = {isa = PBXBuildFile; fileRef = 84ECCEFE1F4DC76300339CE3 /* StudentManagementTests.swift */; };
		84ECCF0A1F4DC76300339CE3 /* StudentManagementUITests.swift in Sources */ = {isa = PBXBuildFile; fileRef = 84ECCF091F4DC76300339CE3 /* StudentManagementUITests.swift */; };
/* End PBXBuildFile section */

/* Begin PBXContainerItemProxy section */
		84ECCEFB1F4DC76300339CE3 /* PBXContainerItemProxy */ = {
			isa = PBXContainerItemProxy;
			containerPortal = 84ECCEDB1F4DC76300339CE3 /* Project object */;
			proxyType = 1;
			remoteGlobalIDString = 84ECCEE21F4DC76300339CE3;
			remoteInfo = StudentManagement;
		};
		84ECCF061F4DC76300339CE3 /* PBXContainerItemProxy */ = {
			isa = PBXContainerItemProxy;
			containerPortal = 84ECCEDB1F4DC76300339CE3 /* Project object */;
			proxyType = 1;
			remoteGlobalIDString = 84ECCEE21F4DC76300339CE3;
			remoteInfo = StudentManagement;
		};
/* End PBXContainerItemProxy section */

/* Begin PBXFileReference section */
		84ECCEE31F4DC76300339CE3 /* StudentManagement.app */ = {isa = PBXFileReference; explicitFileType = wrapper.application; includeInIndex = 0; path = StudentManagement.app; sourceTree = BUILT_PRODUCTS_DIR; };
		84ECCEE61F4DC76300339CE3 /* AppDelegate.swift */ = {isa = PBXFileReference; lastKnownFileType = sourcecode.swift; path = AppDelegate.swift; sourceTree = "<group>"; };
		84ECCEE81F4DC76300339CE3 /* ViewController.swift */ = {isa = PBXFileReference; lastKnownFileType = sourcecode.swift; path = ViewController.swift; sourceTree = "<group>"; };
		84ECCEEB1F4DC76300339CE3 /* Base */ = {isa = PBXFileReference; lastKnownFileType = file.storyboard; name = Base; path = Base.lproj/Main.storyboard; sourceTree = "<group>"; };
		84ECCEEE1F4DC76300339CE3 /* StudentManagement.xcdatamodel */ = {isa = PBXFileReference; lastKnownFileType = wrapper.xcdatamodel; path = StudentManagement.xcdatamodel; sourceTree = "<group>"; };
		84ECCEF01F4DC76300339CE3 /* Assets.xcassets */ = {isa = PBXFileReference; lastKnownFileType = folder.assetcatalog; path = Assets.xcassets; sourceTree = "<group>"; };
		84ECCEF31F4DC76300339CE3 /* Base */ = {isa = PBXFileReference; lastKnownFileType = file.storyboard; name = Base; path = Base.lproj/LaunchScreen.storyboard; sourceTree = "<group>"; };
		84ECCEF51F4DC76300339CE3 /* Info.plist */ = {isa = PBXFileReference; lastKnownFileType = text.plist.xml; path = Info.plist; sourceTree = "<group>"; };
		84ECCEFA1F4DC76300339CE3 /* StudentManagementTests.xctest */ = {isa = PBXFileReference; explicitFileType = wrapper.cfbundle; includeInIndex = 0; path = StudentManagementTests.xctest; sourceTree = BUILT_PRODUCTS_DIR; };
		84ECCEFE1F4DC76300339CE3 /* StudentManagementTests.swift */ = {isa = PBXFileReference; lastKnownFileType = sourcecode.swift; path = StudentManagementTests.swift; sourceTree = "<group>"; };
		84ECCF001F4DC76300339CE3 /* Info.plist */ = {isa = PBXFileReference; lastKnownFileType = text.plist.xml; path = Info.plist; sourceTree = "<group>"; };
		84ECCF051F4DC76300339CE3 /* StudentManagementUITests.xctest */ = {isa = PBXFileReference; explicitFileType = wrapper.cfbundle; includeInIndex = 0; path = StudentManagementUITests.xctest; sourceTree = BUILT_PRODUCTS_DIR; };
		84ECCF091F4DC76300339CE3 /* StudentManagementUITests.swift */ = {isa = PBXFileReference; lastKnownFileType = sourcecode.swift; path = StudentManagementUITests.swift; sourceTree = "<group>"; };
		84ECCF0B1F4DC76300339CE3 /* Info.plist */ = {isa = PBXFileReference; lastKnownFileType = text.plist.xml; path = Info.plist; sourceTree = "<group>"; };
/* End PBXFileReference section */

/* Begin PBXFrameworksBuildPhase section */
		84ECCEE01F4DC76300339CE3 /* Frameworks */ = {
			isa = PBXFrameworksBuildPhase;
			buildActionMask = 2147483647;
			files = (
			);
			runOnlyForDeploymentPostprocessing = 0;
		};
		84ECCEF71F4DC76300339CE3 /* Frameworks */ = {
			isa = PBXFrameworksBuildPhase;
			buildActionMask = 2147483647;
			files = (
			);
			runOnlyForDeploymentPostprocessing = 0;
		};
		84ECCF021F4DC76300339CE3 /* Frameworks */ = {
			isa = PBXFrameworksBuildPhase;
			buildActionMask = 2147483647;
			files = (
			);
			runOnlyForDeploymentPostprocessing = 0;
		};
/* End PBXFrameworksBuildPhase section */

/* Begin PBXGroup section */
		84ECCEDA1F4DC76300339CE3 = {
			isa = PBXGroup;
			children = (
				84ECCEE51F4DC76300339CE3 /* StudentManagement */,
				84ECCEFD1F4DC76300339CE3 /* StudentManagementTests */,
				84ECCF081F4DC76300339CE3 /* StudentManagementUITests */,
				84ECCEE41F4DC76300339CE3 /* Products */,
			);
			sourceTree = "<group>";
		};
		84ECCEE41F4DC76300339CE3 /* Products */ = {
			isa = PBXGroup;
			children = (
				84ECCEE31F4DC76300339CE3 /* StudentManagement.app */,
				84ECCEFA1F4DC76300339CE3 /* StudentManagementTests.xctest */,
				84ECCF051F4DC76300339CE3 /* StudentManagementUITests.xctest */,
			);
			name = Products;
			sourceTree = "<group>";
		};
		84ECCEE51F4DC76300339CE3 /* StudentManagement */ = {
			isa = PBXGroup;
			children = (
				84ECCEE61F4DC76300339CE3 /* AppDelegate.swift */,
				84ECCEE81F4DC76300339CE3 /* ViewController.swift */,
				84ECCEEA1F4DC76300339CE3 /* Main.storyboard */,
				84ECCEF01F4DC76300339CE3 /* Assets.xcassets */,
				84ECCEF21F4DC76300339CE3 /* LaunchScreen.storyboard */,
				84ECCEF51F4DC76300339CE3 /* Info.plist */,
				84ECCEED1F4DC76300339CE3 /* StudentManagement.xcdatamodeld */,
			);
			path = StudentManagement;
			sourceTree = "<group>";
		};
		84ECCEFD1F4DC76300339CE3 /* StudentManagementTests */ = {
			isa = PBXGroup;
			children = (
				84ECCEFE1F4DC76300339CE3 /* StudentManagementTests.swift */,
				84ECCF001F4DC76300339CE3 /* Info.plist */,
			);
			path = StudentManagementTests;
			sourceTree = "<group>";
		};
		84ECCF081F4DC76300339CE3 /* StudentManagementUITests */ = {
			isa = PBXGroup;
			children = (
				84ECCF091F4DC76300339CE3 /* StudentManagementUITests.swift */,
				84ECCF0B1F4DC76300339CE3 /* Info.plist */,
			);
			path = StudentManagementUITests;
			sourceTree = "<group>";
		};
/* End PBXGroup section */

/* Begin PBXNativeTarget section */
		84ECCEE21F4DC76300339CE3 /* StudentManagement */ = {
			isa = PBXNativeTarget;
			buildConfigurationList = 84ECCF0E1F4DC76300339CE3 /* Build configuration list for PBXNativeTarget "StudentManagement" */;
			buildPhases = (
				84ECCEDF1F4DC76300339CE3 /* Sources */,
				84ECCEE01F4DC76300339CE3 /* Frameworks */,
				84ECCEE11F4DC76300339CE3 /* Resources */,
			);
			buildRules = (
			);
			dependencies = (
			);
			name = StudentManagement;
			productName = StudentManagement;
			productReference = 84ECCEE31F4DC76300339CE3 /* StudentManagement.app */;
			productType = "com.apple.product-type.application";
		};
		84ECCEF91F4DC76300339CE3 /* StudentManagementTests */ = {
			isa = PBXNativeTarget;
			buildConfigurationList = 84ECCF111F4DC76300339CE3 /* Build configuration list for PBXNativeTarget "StudentManagementTests" */;
			buildPhases = (
				84ECCEF61F4DC76300339CE3 /* Sources */,
				84ECCEF71F4DC76300339CE3 /* Frameworks */,
				84ECCEF81F4DC76300339CE3 /* Resources */,
			);
			buildRules = (
			);
			dependencies = (
				84ECCEFC1F4DC76300339CE3 /* PBXTargetDependency */,
			);
			name = StudentManagementTests;
			productName = StudentManagementTests;
			productReference = 84ECCEFA1F4DC76300339CE3 /* StudentManagementTests.xctest */;
			productType = "com.apple.product-type.bundle.unit-test";
		};
		84ECCF041F4DC76300339CE3 /* StudentManagementUITests */ = {
			isa = PBXNativeTarget;
			buildConfigurationList = 84ECCF141F4DC76300339CE3 /* Build configuration list for PBXNativeTarget "StudentManagementUITests" */;
			buildPhases = (
				84ECCF011F4DC76300339CE3 /* Sources */,
				84ECCF021F4DC76300339CE3 /* Frameworks */,
				84ECCF031F4DC76300339CE3 /* Resources */,
			);
			buildRules = (
			);
			dependencies = (
				84ECCF071F4DC76300339CE3 /* PBXTargetDependency */,
			);
			name = StudentManagementUITests;
			productName = StudentManagementUITests;
			productReference = 84ECCF051F4DC76300339CE3 /* StudentManagementUITests.xctest */;
			productType = "com.apple.product-type.bundle.ui-testing";
		};
/* End PBXNativeTarget section */

/* Begin PBXProject section */
		84ECCEDB1F4DC76300339CE3 /* Project object */ = {
			isa = PBXProject;
			attributes = {
				LastSwiftUpdateCheck = 0830;
				LastUpgradeCheck = 0830;
				ORGANIZATIONNAME = Admin;
				TargetAttributes = {
					84ECCEE21F4DC76300339CE3 = {
						CreatedOnToolsVersion = 8.3.3;
						ProvisioningStyle = Automatic;
					};
					84ECCEF91F4DC76300339CE3 = {
						CreatedOnToolsVersion = 8.3.3;
						ProvisioningStyle = Automatic;
						TestTargetID = 84ECCEE21F4DC76300339CE3;
					};
					84ECCF041F4DC76300339CE3 = {
						CreatedOnToolsVersion = 8.3.3;
						ProvisioningStyle = Automatic;
						TestTargetID = 84ECCEE21F4DC76300339CE3;
					};
				};
			};
			buildConfigurationList = 84ECCEDE1F4DC76300339CE3 /* Build configuration list for PBXProject "StudentManagement" */;
			compatibilityVersion = "Xcode 3.2";
			developmentRegion = English;
			hasScannedForEncodings = 0;
			knownRegions = (
				en,
				Base,
			);
			mainGroup = 84ECCEDA1F4DC76300339CE3;
			productRefGroup = 84ECCEE41F4DC76300339CE3 /* Products */;
			projectDirPath = "";
			projectRoot = "";
			targets = (
				84ECCEE21F4DC76300339CE3 /* StudentManagement */,
				84ECCEF91F4DC76300339CE3 /* StudentManagementTests */,
				84ECCF041F4DC76300339CE3 /* StudentManagementUITests */,
			);
		};
/* End PBXProject section */

/* Begin PBXResourcesBuildPhase section */
		84ECCEE11F4DC76300339CE3 /* Resources */ = {
			isa = PBXResourcesBuildPhase;
			buildActionMask = 2147483647;
			files = (
				84ECCEF41F4DC76300339CE3 /* LaunchScreen.storyboard in Resources */,
				84ECCEF11F4DC76300339CE3 /* Assets.xcassets in Resources */,
				84ECCEEC1F4DC76300339CE3 /* Main.storyboard in Resources */,
			);
			runOnlyForDeploymentPostprocessing = 0;
		};
		84ECCEF81F4DC76300339CE3 /* Resources */ = {
			isa = PBXResourcesBuildPhase;
			buildActionMask = 2147483647;
			files = (
			);
			runOnlyForDeploymentPostprocessing = 0;
		};
		84ECCF031F4DC76300339CE3 /* Resources */ = {
			isa = PBXResourcesBuildPhase;
			buildActionMask = 2147483647;
			files = (
			);
			runOnlyForDeploymentPostprocessing = 0;
		};
/* End PBXResourcesBuildPhase section */

/* Begin PBXSourcesBuildPhase section */
		84ECCEDF1F4DC76300339CE3 /* Sources */ = {
			isa = PBXSourcesBuildPhase;
			buildActionMask = 2147483647;
			files = (
				84ECCEEF1F4DC76300339CE3 /* StudentManagement.xcdatamodeld in Sources */,
				84ECCEE91F4DC76300339CE3 /* ViewController.swift in Sources */,
				84ECCEE71F4DC76300339CE3 /* AppDelegate.swift in Sources */,
			);
			runOnlyForDeploymentPostprocessing = 0;
		};
		84ECCEF61F4DC76300339CE3 /* Sources */ = {
			isa = PBXSourcesBuildPhase;
			buildActionMask = 2147483647;
			files = (
				84ECCEFF1F4DC76300339CE3 /* StudentManagementTests.swift in Sources */,
			);
			runOnlyForDeploymentPostprocessing = 0;
		};
		84ECCF011F4DC76300339CE3 /* Sources */ = {
			isa = PBXSourcesBuildPhase;
			buildActionMask = 2147483647;
			files = (
				84ECCF0A1F4DC76300339CE3 /* StudentManagementUITests.swift in Sources */,
			);
			runOnlyForDeploymentPostprocessing = 0;
		};
/* End PBXSourcesBuildPhase section */

/* Begin PBXTargetDependency section */
		84ECCEFC1F4DC76300339CE3 /* PBXTargetDependency */ = {
			isa = PBXTargetDependency;
			target = 84ECCEE21F4DC76300339CE3 /* StudentManagement */;
			targetProxy = 84ECCEFB1F4DC76300339CE3 /* PBXContainerItemProxy */;
		};
		84ECCF071F4DC76300339CE3 /* PBXTargetDependency */ = {
			isa = PBXTargetDependency;
			target = 84ECCEE21F4DC76300339CE3 /* StudentManagement */;
			targetProxy = 84ECCF061F4DC76300339CE3 /* PBXContainerItemProxy */;
		};
/* End PBXTargetDependency section */

/* Begin PBXVariantGroup section */
		84ECCEEA1F4DC76300339CE3 /* Main.storyboard */ = {
			isa = PBXVariantGroup;
			children = (
				84ECCEEB1F4DC76300339CE3 /* Base */,
			);
			name = Main.storyboard;
			sourceTree = "<group>";
		};
		84ECCEF21F4DC76300339CE3 /* LaunchScreen.storyboard */ = {
			isa = PBXVariantGroup;
			children = (
				84ECCEF31F4DC76300339CE3 /* Base */,
			);
			name = LaunchScreen.storyboard;
			sourceTree = "<group>";
		};
/* End PBXVariantGroup section */

/* Begin XCBuildConfiguration section */
		84ECCF0C1F4DC76300339CE3 /* Debug */ = {
			isa = XCBuildConfiguration;
			buildSettings = {
				ALWAYS_SEARCH_USER_PATHS = NO;
				CLANG_ANALYZER_NONNULL = YES;
				CLANG_ANALYZER_NUMBER_OBJECT_CONVERSION = YES_AGGRESSIVE;
				CLANG_CXX_LANGUAGE_STANDARD = "gnu++0x";
				CLANG_CXX_LIBRARY = "libc++";
				CLANG_ENABLE_MODULES = YES;
				CLANG_ENABLE_OBJC_ARC = YES;
				CLANG_WARN_BOOL_CONVERSION = YES;
				CLANG_WARN_CONSTANT_CONVERSION = YES;
				CLANG_WARN_DIRECT_OBJC_ISA_USAGE = YES_ERROR;
				CLANG_WARN_DOCUMENTATION_COMMENTS = YES;
				CLANG_WARN_EMPTY_BODY = YES;
				CLANG_WARN_ENUM_CONVERSION = YES;
				CLANG_WARN_INFINITE_RECURSION = YES;
				CLANG_WARN_INT_CONVERSION = YES;
				CLANG_WARN_OBJC_ROOT_CLASS = YES_ERROR;
				CLANG_WARN_SUSPICIOUS_MOVE = YES;
				CLANG_WARN_UNREACHABLE_CODE = YES;
				CLANG_WARN__DUPLICATE_METHOD_MATCH = YES;
				"CODE_SIGN_IDENTITY[sdk=iphoneos*]" = "iPhone Developer";
				COPY_PHASE_STRIP = NO;
				DEBUG_INFORMATION_FORMAT = dwarf;
				ENABLE_STRICT_OBJC_MSGSEND = YES;
				ENABLE_TESTABILITY = YES;
				GCC_C_LANGUAGE_STANDARD = gnu99;
				GCC_DYNAMIC_NO_PIC = NO;
				GCC_NO_COMMON_BLOCKS = YES;
				GCC_OPTIMIZATION_LEVEL = 0;
				GCC_PREPROCESSOR_DEFINITIONS = (
					"DEBUG=1",
					"$(inherited)",
				);
				GCC_WARN_64_TO_32_BIT_CONVERSION = YES;
				GCC_WARN_ABOUT_RETURN_TYPE = YES_ERROR;
				GCC_WARN_UNDECLARED_SELECTOR = YES;
				GCC_WARN_UNINITIALIZED_AUTOS = YES_AGGRESSIVE;
				GCC_WARN_UNUSED_FUNCTION = YES;
				GCC_WARN_UNUSED_VARIABLE = YES;
				IPHONEOS_DEPLOYMENT_TARGET = 10.3;
				MTL_ENABLE_DEBUG_INFO = YES;
				ONLY_ACTIVE_ARCH = YES;
				SDKROOT = iphoneos;
				SWIFT_ACTIVE_COMPILATION_CONDITIONS = DEBUG;
				SWIFT_OPTIMIZATION_LEVEL = "-Onone";
				TARGETED_DEVICE_FAMILY = "1,2";
			};
			name = Debug;
		};
		84ECCF0D1F4DC76300339CE3 /* Release */ = {
			isa = XCBuildConfiguration;
			buildSettings = {
				ALWAYS_SEARCH_USER_PATHS = NO;
				CLANG_ANALYZER_NONNULL = YES;
				CLANG_ANALYZER_NUMBER_OBJECT_CONVERSION = YES_AGGRESSIVE;
				CLANG_CXX_LANGUAGE_STANDARD = "gnu++0x";
				CLANG_CXX_LIBRARY = "libc++";
				CLANG_ENABLE_MODULES = YES;
				CLANG_ENABLE_OBJC_ARC = YES;
				CLANG_WARN_BOOL_CONVERSION = YES;
				CLANG_WARN_CONSTANT_CONVERSION = YES;
				CLANG_WARN_DIRECT_OBJC_ISA_USAGE = YES_ERROR;
				CLANG_WARN_DOCUMENTATION_COMMENTS = YES;
				CLANG_WARN_EMPTY_BODY = YES;
				CLANG_WARN_ENUM_CONVERSION = YES;
				CLANG_WARN_INFINITE_RECURSION = YES;
				CLANG_WARN_INT_CONVERSION = YES;
				CLANG_WARN_OBJC_ROOT_CLASS = YES_ERROR;
				CLANG_WARN_SUSPICIOUS_MOVE = YES;
				CLANG_WARN_UNREACHABLE_CODE = YES;
				CLANG_WARN__DUPLICATE_METHOD_MATCH = YES;
				"CODE_SIGN_IDENTITY[sdk=iphoneos*]" = "iPhone Developer";
				COPY_PHASE_STRIP = NO;
				DEBUG_INFORMATION_FORMAT = "dwarf-with-dsym";
				ENABLE_NS_ASSERTIONS = NO;
				ENABLE_STRICT_OBJC_MSGSEND = YES;
				GCC_C_LANGUAGE_STANDARD = gnu99;
				GCC_NO_COMMON_BLOCKS = YES;
				GCC_WARN_64_TO_32_BIT_CONVERSION = YES;
				GCC_WARN_ABOUT_RETURN_TYPE = YES_ERROR;
				GCC_WARN_UNDECLARED_SELECTOR = YES;
				GCC_WARN_UNINITIALIZED_AUTOS = YES_AGGRESSIVE;
				GCC_WARN_UNUSED_FUNCTION = YES;
				GCC_WARN_UNUSED_VARIABLE = YES;
				IPHONEOS_DEPLOYMENT_TARGET = 10.3;
				MTL_ENABLE_DEBUG_INFO = NO;
				SDKROOT = iphoneos;
				SWIFT_OPTIMIZATION_LEVEL = "-Owholemodule";
				TARGETED_DEVICE_FAMILY = "1,2";
				VALIDATE_PRODUCT = YES;
			};
			name = Release;
		};
		84ECCF0F1F4DC76300339CE3 /* Debug */ = {
			isa = XCBuildConfiguration;
			buildSettings = {
				ASSETCATALOG_COMPILER_APPICON_NAME = AppIcon;
				INFOPLIST_FILE = StudentManagement/Info.plist;
				LD_RUNPATH_SEARCH_PATHS = "$(inherited) @executable_path/Frameworks";
				PRODUCT_BUNDLE_IDENTIFIER = com.enriquez.StudentManagement;
				PRODUCT_NAME = "$(TARGET_NAME)";
				SWIFT_VERSION = 3.0;
			};
			name = Debug;
		};
		84ECCF101F4DC76300339CE3 /* Release */ = {
			isa = XCBuildConfiguration;
			buildSettings = {
				ASSETCATALOG_COMPILER_APPICON_NAME = AppIcon;
				INFOPLIST_FILE = StudentManagement/Info.plist;
				LD_RUNPATH_SEARCH_PATHS = "$(inherited) @executable_path/Frameworks";
				PRODUCT_BUNDLE_IDENTIFIER = com.enriquez.StudentManagement;
				PRODUCT_NAME = "$(TARGET_NAME)";
				SWIFT_VERSION = 3.0;
			};
			name = Release;
		};
		84ECCF121F4DC76300339CE3 /* Debug */ = {
			isa = XCBuildConfiguration;
			buildSettings = {
				ALWAYS_EMBED_SWIFT_STANDARD_LIBRARIES = YES;
				BUNDLE_LOADER = "$(TEST_HOST)";
				INFOPLIST_FILE = StudentManagementTests/Info.plist;
				LD_RUNPATH_SEARCH_PATHS = "$(inherited) @executable_path/Frameworks @loader_path/Frameworks";
				PRODUCT_BUNDLE_IDENTIFIER = com.enriquez.StudentManagementTests;
				PRODUCT_NAME = "$(TARGET_NAME)";
				SWIFT_VERSION = 3.0;
				TEST_HOST = "$(BUILT_PRODUCTS_DIR)/StudentManagement.app/StudentManagement";
			};
			name = Debug;
		};
		84ECCF131F4DC76300339CE3 /* Release */ = {
			isa = XCBuildConfiguration;
			buildSettings = {
				ALWAYS_EMBED_SWIFT_STANDARD_LIBRARIES = YES;
				BUNDLE_LOADER = "$(TEST_HOST)";
				INFOPLIST_FILE = StudentManagementTests/Info.plist;
				LD_RUNPATH_SEARCH_PATHS = "$(inherited) @executable_path/Frameworks @loader_path/Frameworks";
				PRODUCT_BUNDLE_IDENTIFIER = com.enriquez.StudentManagementTests;
				PRODUCT_NAME = "$(TARGET_NAME)";
				SWIFT_VERSION = 3.0;
				TEST_HOST = "$(BUILT_PRODUCTS_DIR)/StudentManagement.app/StudentManagement";
			};
			name = Release;
		};
		84ECCF151F4DC76300339CE3 /* Debug */ = {
			isa = XCBuildConfiguration;
			buildSettings = {
				ALWAYS_EMBED_SWIFT_STANDARD_LIBRARIES = YES;
				INFOPLIST_FILE = StudentManagementUITests/Info.plist;
				LD_RUNPATH_SEARCH_PATHS = "$(inherited) @executable_path/Frameworks @loader_path/Frameworks";
				PRODUCT_BUNDLE_IDENTIFIER = com.enriquez.StudentManagementUITests;
				PRODUCT_NAME = "$(TARGET_NAME)";
				SWIFT_VERSION = 3.0;
				TEST_TARGET_NAME = StudentManagement;
			};
			name = Debug;
		};
		84ECCF161F4DC76300339CE3 /* Release */ = {
			isa = XCBuildConfiguration;
			buildSettings = {
				ALWAYS_EMBED_SWIFT_STANDARD_LIBRARIES = YES;
				INFOPLIST_FILE = StudentManagementUITests/Info.plist;
				LD_RUNPATH_SEARCH_PATHS = "$(inherited) @executable_path/Frameworks @loader_path/Frameworks";
				PRODUCT_BUNDLE_IDENTIFIER = com.enriquez.StudentManagementUITests;
				PRODUCT_NAME = "$(TARGET_NAME)";
				SWIFT_VERSION = 3.0;
				TEST_TARGET_NAME = StudentManagement;
			};
			name = Release;
		};
/* End XCBuildConfiguration section */

/* Begin XCConfigurationList section */
		84ECCEDE1F4DC76300339CE3 /* Build configuration list for PBXProject "StudentManagement" */ = {
			isa = XCConfigurationList;
			buildConfigurations = (
				84ECCF0C1F4DC76300339CE3 /* Debug */,
				84ECCF0D1F4DC76300339CE3 /* Release */,
			);
			defaultConfigurationIsVisible = 0;
			defaultConfigurationName = Release;
		};
		84ECCF0E1F4DC76300339CE3 /* Build configuration list for PBXNativeTarget "StudentManagement" */ = {
			isa = XCConfigurationList;
			buildConfigurations = (
				84ECCF0F1F4DC76300339CE3 /* Debug */,
				84ECCF101F4DC76300339CE3 /* Release */,
			);
			defaultConfigurationIsVisible = 0;
		};
		84ECCF111F4DC76300339CE3 /* Build configuration list for PBXNativeTarget "StudentManagementTests" */ = {
			isa = XCConfigurationList;
			buildConfigurations = (
				84ECCF121F4DC76300339CE3 /* Debug */,
				84ECCF131F4DC76300339CE3 /* Release */,
			);
			defaultConfigurationIsVisible = 0;
		};
		84ECCF141F4DC76300339CE3 /* Build configuration list for PBXNativeTarget "StudentManagementUITests" */ = {
			isa = XCConfigurationList;
			buildConfigurations = (
				84ECCF151F4DC76300339CE3 /* Debug */,
				84ECCF161F4DC76300339CE3 /* Release */,
			);
			defaultConfigurationIsVisible = 0;
		};
/* End XCConfigurationList section */

/* Begin XCVersionGroup section */
		84ECCEED1F4DC76300339CE3 /* StudentManagement.xcdatamodeld */ = {
			isa = XCVersionGroup;
			children = (
				84ECCEEE1F4DC76300339CE3 /* StudentManagement.xcdatamodel */,
			);
			currentVersion = 84ECCEEE1F4DC76300339CE3 /* StudentManagement.xcdatamodel */;
			path = StudentManagement.xcdatamodeld;
			sourceTree = "<group>";
			versionGroupType = wrapper.xcdatamodel;
		};
/* End XCVersionGroup section */
	};
	rootObject = 84ECCEDB1F4DC76300339CE3 /* Project object */;
}
